// !$*UTF8*$!
{
	archiveVersion = 1;
	classes = {
	};
	objectVersion = 48;
	objects = {

/* Begin PBXBuildFile section */
		F617B3EB1FC6C1D000FECCB2 /* UIView.swift in Sources */ = {isa = PBXBuildFile; fileRef = F617B3EA1FC6C1D000FECCB2 /* UIView.swift */; };
		F617B3EE1FC6CD4100FECCB2 /* CorDataModels.xcdatamodeld in Sources */ = {isa = PBXBuildFile; fileRef = F617B3EC1FC6CD4100FECCB2 /* CorDataModels.xcdatamodeld */; };
		F61C80231FC6EEB300B4E086 /* CoreDataManager.swift in Sources */ = {isa = PBXBuildFile; fileRef = F61C80221FC6EEB300B4E086 /* CoreDataManager.swift */; };
		F65580651FC6B2830022F7B5 /* UIColor+Theme.swift in Sources */ = {isa = PBXBuildFile; fileRef = F65580641FC6B2830022F7B5 /* UIColor+Theme.swift */; };
		F65580671FC6B6670022F7B5 /* Company.swift in Sources */ = {isa = PBXBuildFile; fileRef = F65580661FC6B6670022F7B5 /* Company.swift */; };
		F65580691FC6BA1B0022F7B5 /* CreateCompanyVC.swift in Sources */ = {isa = PBXBuildFile; fileRef = F65580681FC6BA1B0022F7B5 /* CreateCompanyVC.swift */; };
		F6A0E34C1FC9126B001BE00E /* CompaniesVC+CreateCompany.swift in Sources */ = {isa = PBXBuildFile; fileRef = F6A0E34B1FC9126A001BE00E /* CompaniesVC+CreateCompany.swift */; };
		F6A0E34E1FC91388001BE00E /* CompaniesVC+UITableView.swift in Sources */ = {isa = PBXBuildFile; fileRef = F6A0E34D1FC91388001BE00E /* CompaniesVC+UITableView.swift */; };
		F6A0E3501FC920A3001BE00E /* EmployeesVC.swift in Sources */ = {isa = PBXBuildFile; fileRef = F6A0E34F1FC920A3001BE00E /* EmployeesVC.swift */; };
		F6A0E3531FC9225F001BE00E /* UIViewController+Helpers.swift in Sources */ = {isa = PBXBuildFile; fileRef = F6A0E3521FC9225F001BE00E /* UIViewController+Helpers.swift */; };
		F6A0E3551FC92352001BE00E /* CreateEmployeeVC.swift in Sources */ = {isa = PBXBuildFile; fileRef = F6A0E3541FC92352001BE00E /* CreateEmployeeVC.swift */; };
		F6DC912E1FC8726900B81C3C /* CompanyCell.swift in Sources */ = {isa = PBXBuildFile; fileRef = F6DC912D1FC8726900B81C3C /* CompanyCell.swift */; };
		F6FA3DD21FC6A621002F94A8 /* AppDelegate.swift in Sources */ = {isa = PBXBuildFile; fileRef = F6FA3DD11FC6A621002F94A8 /* AppDelegate.swift */; };
		F6FA3DD41FC6A622002F94A8 /* CompaniesVC.swift in Sources */ = {isa = PBXBuildFile; fileRef = F6FA3DD31FC6A622002F94A8 /* CompaniesVC.swift */; };
		F6FA3DD71FC6A622002F94A8 /* Main.storyboard in Resources */ = {isa = PBXBuildFile; fileRef = F6FA3DD51FC6A622002F94A8 /* Main.storyboard */; };
		F6FA3DD91FC6A622002F94A8 /* Assets.xcassets in Resources */ = {isa = PBXBuildFile; fileRef = F6FA3DD81FC6A622002F94A8 /* Assets.xcassets */; };
		F6FA3DDC1FC6A622002F94A8 /* LaunchScreen.storyboard in Resources */ = {isa = PBXBuildFile; fileRef = F6FA3DDA1FC6A622002F94A8 /* LaunchScreen.storyboard */; };
/* End PBXBuildFile section */

/* Begin PBXFileReference section */
		F617B3EA1FC6C1D000FECCB2 /* UIView.swift */ = {isa = PBXFileReference; lastKnownFileType = sourcecode.swift; path = UIView.swift; sourceTree = "<group>"; };
		F617B3ED1FC6CD4100FECCB2 /* CorDataModels.xcdatamodel */ = {isa = PBXFileReference; lastKnownFileType = wrapper.xcdatamodel; path = CorDataModels.xcdatamodel; sourceTree = "<group>"; };
		F61C80221FC6EEB300B4E086 /* CoreDataManager.swift */ = {isa = PBXFileReference; lastKnownFileType = sourcecode.swift; path = CoreDataManager.swift; sourceTree = "<group>"; };
		F65580641FC6B2830022F7B5 /* UIColor+Theme.swift */ = {isa = PBXFileReference; lastKnownFileType = sourcecode.swift; path = "UIColor+Theme.swift"; sourceTree = "<group>"; };
		F65580661FC6B6670022F7B5 /* Company.swift */ = {isa = PBXFileReference; lastKnownFileType = sourcecode.swift; path = Company.swift; sourceTree = "<group>"; };
		F65580681FC6BA1B0022F7B5 /* CreateCompanyVC.swift */ = {isa = PBXFileReference; lastKnownFileType = sourcecode.swift; path = CreateCompanyVC.swift; sourceTree = "<group>"; };
		F6A0E34B1FC9126A001BE00E /* CompaniesVC+CreateCompany.swift */ = {isa = PBXFileReference; lastKnownFileType = sourcecode.swift; path = "CompaniesVC+CreateCompany.swift"; sourceTree = "<group>"; };
		F6A0E34D1FC91388001BE00E /* CompaniesVC+UITableView.swift */ = {isa = PBXFileReference; lastKnownFileType = sourcecode.swift; path = "CompaniesVC+UITableView.swift"; sourceTree = "<group>"; };
		F6A0E34F1FC920A3001BE00E /* EmployeesVC.swift */ = {isa = PBXFileReference; lastKnownFileType = sourcecode.swift; path = EmployeesVC.swift; sourceTree = "<group>"; };
		F6A0E3521FC9225F001BE00E /* UIViewController+Helpers.swift */ = {isa = PBXFileReference; lastKnownFileType = sourcecode.swift; path = "UIViewController+Helpers.swift"; sourceTree = "<group>"; };
		F6A0E3541FC92352001BE00E /* CreateEmployeeVC.swift */ = {isa = PBXFileReference; lastKnownFileType = sourcecode.swift; path = CreateEmployeeVC.swift; sourceTree = "<group>"; };
		F6DC912D1FC8726900B81C3C /* CompanyCell.swift */ = {isa = PBXFileReference; lastKnownFileType = sourcecode.swift; path = CompanyCell.swift; sourceTree = "<group>"; };
		F6FA3DCE1FC6A621002F94A8 /* CorData.app */ = {isa = PBXFileReference; explicitFileType = wrapper.application; includeInIndex = 0; path = CorData.app; sourceTree = BUILT_PRODUCTS_DIR; };
		F6FA3DD11FC6A621002F94A8 /* AppDelegate.swift */ = {isa = PBXFileReference; lastKnownFileType = sourcecode.swift; path = AppDelegate.swift; sourceTree = "<group>"; };
		F6FA3DD31FC6A622002F94A8 /* CompaniesVC.swift */ = {isa = PBXFileReference; lastKnownFileType = sourcecode.swift; path = CompaniesVC.swift; sourceTree = "<group>"; };
		F6FA3DD61FC6A622002F94A8 /* Base */ = {isa = PBXFileReference; lastKnownFileType = file.storyboard; name = Base; path = Base.lproj/Main.storyboard; sourceTree = "<group>"; };
		F6FA3DD81FC6A622002F94A8 /* Assets.xcassets */ = {isa = PBXFileReference; lastKnownFileType = folder.assetcatalog; path = Assets.xcassets; sourceTree = "<group>"; };
		F6FA3DDB1FC6A622002F94A8 /* Base */ = {isa = PBXFileReference; lastKnownFileType = file.storyboard; name = Base; path = Base.lproj/LaunchScreen.storyboard; sourceTree = "<group>"; };
		F6FA3DDD1FC6A622002F94A8 /* Info.plist */ = {isa = PBXFileReference; lastKnownFileType = text.plist.xml; path = Info.plist; sourceTree = "<group>"; };
/* End PBXFileReference section */

/* Begin PBXFrameworksBuildPhase section */
		F6FA3DCB1FC6A621002F94A8 /* Frameworks */ = {
			isa = PBXFrameworksBuildPhase;
			buildActionMask = 2147483647;
			files = (
			);
			runOnlyForDeploymentPostprocessing = 0;
		};
/* End PBXFrameworksBuildPhase section */

/* Begin PBXGroup section */
		F617B3E91FC6C1A800FECCB2 /* Extensions */ = {
			isa = PBXGroup;
			children = (
				F65580641FC6B2830022F7B5 /* UIColor+Theme.swift */,
				F617B3EA1FC6C1D000FECCB2 /* UIView.swift */,
			);
			path = Extensions;
			sourceTree = "<group>";
		};
		F617B3EF1FC6CDBE00FECCB2 /* Models */ = {
			isa = PBXGroup;
			children = (
				F61C80221FC6EEB300B4E086 /* CoreDataManager.swift */,
				F65580661FC6B6670022F7B5 /* Company.swift */,
				F617B3EC1FC6CD4100FECCB2 /* CorDataModels.xcdatamodeld */,
			);
			path = Models;
			sourceTree = "<group>";
		};
		F655806A1FC6BB660022F7B5 /* Controllers */ = {
			isa = PBXGroup;
			children = (
				F6FA3DD31FC6A622002F94A8 /* CompaniesVC.swift */,
				F6A0E34B1FC9126A001BE00E /* CompaniesVC+CreateCompany.swift */,
				F6A0E34D1FC91388001BE00E /* CompaniesVC+UITableView.swift */,
				F65580681FC6BA1B0022F7B5 /* CreateCompanyVC.swift */,
				F6A0E34F1FC920A3001BE00E /* EmployeesVC.swift */,
				F6A0E3541FC92352001BE00E /* CreateEmployeeVC.swift */,
			);
			path = Controllers;
			sourceTree = "<group>";
		};
		F6A0E3511FC92238001BE00E /* Helpers */ = {
			isa = PBXGroup;
			children = (
				F6A0E3521FC9225F001BE00E /* UIViewController+Helpers.swift */,
			);
			path = Helpers;
			sourceTree = "<group>";
		};
		F6DC912C1FC8723E00B81C3C /* Views */ = {
			isa = PBXGroup;
			children = (
				F6DC912D1FC8726900B81C3C /* CompanyCell.swift */,
			);
			path = Views;
			sourceTree = "<group>";
		};
		F6FA3DC51FC6A621002F94A8 = {
			isa = PBXGroup;
			children = (
				F6FA3DD01FC6A621002F94A8 /* CorData */,
				F6FA3DCF1FC6A621002F94A8 /* Products */,
			);
			sourceTree = "<group>";
		};
		F6FA3DCF1FC6A621002F94A8 /* Products */ = {
			isa = PBXGroup;
			children = (
				F6FA3DCE1FC6A621002F94A8 /* CorData.app */,
			);
			name = Products;
			sourceTree = "<group>";
		};
		F6FA3DD01FC6A621002F94A8 /* CorData */ = {
			isa = PBXGroup;
			children = (
				F6A0E3511FC92238001BE00E /* Helpers */,
				F617B3EF1FC6CDBE00FECCB2 /* Models */,
				F6DC912C1FC8723E00B81C3C /* Views */,
				F655806A1FC6BB660022F7B5 /* Controllers */,
				F617B3E91FC6C1A800FECCB2 /* Extensions */,
				F6FA3DD11FC6A621002F94A8 /* AppDelegate.swift */,
				F6FA3DD51FC6A622002F94A8 /* Main.storyboard */,
				F6FA3DD81FC6A622002F94A8 /* Assets.xcassets */,
				F6FA3DDA1FC6A622002F94A8 /* LaunchScreen.storyboard */,
				F6FA3DDD1FC6A622002F94A8 /* Info.plist */,
			);
			path = CorData;
			sourceTree = "<group>";
		};
/* End PBXGroup section */

/* Begin PBXNativeTarget section */
		F6FA3DCD1FC6A621002F94A8 /* CorData */ = {
			isa = PBXNativeTarget;
			buildConfigurationList = F6FA3DE01FC6A622002F94A8 /* Build configuration list for PBXNativeTarget "CorData" */;
			buildPhases = (
				F6FA3DCA1FC6A621002F94A8 /* Sources */,
				F6FA3DCB1FC6A621002F94A8 /* Frameworks */,
				F6FA3DCC1FC6A621002F94A8 /* Resources */,
			);
			buildRules = (
			);
			dependencies = (
			);
			name = CorData;
			productName = CorData;
			productReference = F6FA3DCE1FC6A621002F94A8 /* CorData.app */;
			productType = "com.apple.product-type.application";
		};
/* End PBXNativeTarget section */

/* Begin PBXProject section */
		F6FA3DC61FC6A621002F94A8 /* Project object */ = {
			isa = PBXProject;
			attributes = {
				LastSwiftUpdateCheck = 0910;
				LastUpgradeCheck = 0910;
				ORGANIZATIONNAME = "Lewis Le";
				TargetAttributes = {
					F6FA3DCD1FC6A621002F94A8 = {
						CreatedOnToolsVersion = 9.1;
						ProvisioningStyle = Automatic;
					};
				};
			};
			buildConfigurationList = F6FA3DC91FC6A621002F94A8 /* Build configuration list for PBXProject "CorData" */;
			compatibilityVersion = "Xcode 8.0";
			developmentRegion = en;
			hasScannedForEncodings = 0;
			knownRegions = (
				en,
				Base,
			);
			mainGroup = F6FA3DC51FC6A621002F94A8;
			productRefGroup = F6FA3DCF1FC6A621002F94A8 /* Products */;
			projectDirPath = "";
			projectRoot = "";
			targets = (
				F6FA3DCD1FC6A621002F94A8 /* CorData */,
			);
		};
/* End PBXProject section */

/* Begin PBXResourcesBuildPhase section */
		F6FA3DCC1FC6A621002F94A8 /* Resources */ = {
			isa = PBXResourcesBuildPhase;
			buildActionMask = 2147483647;
			files = (
				F6FA3DDC1FC6A622002F94A8 /* LaunchScreen.storyboard in Resources */,
				F6FA3DD91FC6A622002F94A8 /* Assets.xcassets in Resources */,
				F6FA3DD71FC6A622002F94A8 /* Main.storyboard in Resources */,
			);
			runOnlyForDeploymentPostprocessing = 0;
		};
/* End PBXResourcesBuildPhase section */

/* Begin PBXSourcesBuildPhase section */
		F6FA3DCA1FC6A621002F94A8 /* Sources */ = {
			isa = PBXSourcesBuildPhase;
			buildActionMask = 2147483647;
			files = (
				F6A0E3501FC920A3001BE00E /* EmployeesVC.swift in Sources */,
				F6A0E34C1FC9126B001BE00E /* CompaniesVC+CreateCompany.swift in Sources */,
				F65580651FC6B2830022F7B5 /* UIColor+Theme.swift in Sources */,
				F6A0E34E1FC91388001BE00E /* CompaniesVC+UITableView.swift in Sources */,
				F617B3EE1FC6CD4100FECCB2 /* CorDataModels.xcdatamodeld in Sources */,
				F6FA3DD41FC6A622002F94A8 /* CompaniesVC.swift in Sources */,
				F6FA3DD21FC6A621002F94A8 /* AppDelegate.swift in Sources */,
				F6DC912E1FC8726900B81C3C /* CompanyCell.swift in Sources */,
				F65580671FC6B6670022F7B5 /* Company.swift in Sources */,
				F617B3EB1FC6C1D000FECCB2 /* UIView.swift in Sources */,
				F61C80231FC6EEB300B4E086 /* CoreDataManager.swift in Sources */,
				F65580691FC6BA1B0022F7B5 /* CreateCompanyVC.swift in Sources */,
				F6A0E3551FC92352001BE00E /* CreateEmployeeVC.swift in Sources */,
				F6A0E3531FC9225F001BE00E /* UIViewController+Helpers.swift in Sources */,
			);
			runOnlyForDeploymentPostprocessing = 0;
		};
/* End PBXSourcesBuildPhase section */

/* Begin PBXVariantGroup section */
		F6FA3DD51FC6A622002F94A8 /* Main.storyboard */ = {
			isa = PBXVariantGroup;
			children = (
				F6FA3DD61FC6A622002F94A8 /* Base */,
			);
			name = Main.storyboard;
			sourceTree = "<group>";
		};
		F6FA3DDA1FC6A622002F94A8 /* LaunchScreen.storyboard */ = {
			isa = PBXVariantGroup;
			children = (
				F6FA3DDB1FC6A622002F94A8 /* Base */,
			);
			name = LaunchScreen.storyboard;
			sourceTree = "<group>";
		};
/* End PBXVariantGroup section */

/* Begin XCBuildConfiguration section */
		F6FA3DDE1FC6A622002F94A8 /* Debug */ = {
			isa = XCBuildConfiguration;
			buildSettings = {
				ALWAYS_SEARCH_USER_PATHS = NO;
				CLANG_ANALYZER_NONNULL = YES;
				CLANG_ANALYZER_NUMBER_OBJECT_CONVERSION = YES_AGGRESSIVE;
				CLANG_CXX_LANGUAGE_STANDARD = "gnu++14";
				CLANG_CXX_LIBRARY = "libc++";
				CLANG_ENABLE_MODULES = YES;
				CLANG_ENABLE_OBJC_ARC = YES;
				CLANG_WARN_BLOCK_CAPTURE_AUTORELEASING = YES;
				CLANG_WARN_BOOL_CONVERSION = YES;
				CLANG_WARN_COMMA = YES;
				CLANG_WARN_CONSTANT_CONVERSION = YES;
				CLANG_WARN_DIRECT_OBJC_ISA_USAGE = YES_ERROR;
				CLANG_WARN_DOCUMENTATION_COMMENTS = YES;
				CLANG_WARN_EMPTY_BODY = YES;
				CLANG_WARN_ENUM_CONVERSION = YES;
				CLANG_WARN_INFINITE_RECURSION = YES;
				CLANG_WARN_INT_CONVERSION = YES;
				CLANG_WARN_NON_LITERAL_NULL_CONVERSION = YES;
				CLANG_WARN_OBJC_LITERAL_CONVERSION = YES;
				CLANG_WARN_OBJC_ROOT_CLASS = YES_ERROR;
				CLANG_WARN_RANGE_LOOP_ANALYSIS = YES;
				CLANG_WARN_STRICT_PROTOTYPES = YES;
				CLANG_WARN_SUSPICIOUS_MOVE = YES;
				CLANG_WARN_UNGUARDED_AVAILABILITY = YES_AGGRESSIVE;
				CLANG_WARN_UNREACHABLE_CODE = YES;
				CLANG_WARN__DUPLICATE_METHOD_MATCH = YES;
				CODE_SIGN_IDENTITY = "iPhone Developer";
				COPY_PHASE_STRIP = NO;
				DEBUG_INFORMATION_FORMAT = dwarf;
				ENABLE_STRICT_OBJC_MSGSEND = YES;
				ENABLE_TESTABILITY = YES;
				GCC_C_LANGUAGE_STANDARD = gnu11;
				GCC_DYNAMIC_NO_PIC = NO;
				GCC_NO_COMMON_BLOCKS = YES;
				GCC_OPTIMIZATION_LEVEL = 0;
				GCC_PREPROCESSOR_DEFINITIONS = (
					"DEBUG=1",
					"$(inherited)",
				);
				GCC_WARN_64_TO_32_BIT_CONVERSION = YES;
				GCC_WARN_ABOUT_RETURN_TYPE = YES_ERROR;
				GCC_WARN_UNDECLARED_SELECTOR = YES;
				GCC_WARN_UNINITIALIZED_AUTOS = YES_AGGRESSIVE;
				GCC_WARN_UNUSED_FUNCTION = YES;
				GCC_WARN_UNUSED_VARIABLE = YES;
				IPHONEOS_DEPLOYMENT_TARGET = 11.1;
				MTL_ENABLE_DEBUG_INFO = YES;
				ONLY_ACTIVE_ARCH = YES;
				SDKROOT = iphoneos;
				SWIFT_ACTIVE_COMPILATION_CONDITIONS = DEBUG;
				SWIFT_OPTIMIZATION_LEVEL = "-Onone";
			};
			name = Debug;
		};
		F6FA3DDF1FC6A622002F94A8 /* Release */ = {
			isa = XCBuildConfiguration;
			buildSettings = {
				ALWAYS_SEARCH_USER_PATHS = NO;
				CLANG_ANALYZER_NONNULL = YES;
				CLANG_ANALYZER_NUMBER_OBJECT_CONVERSION = YES_AGGRESSIVE;
				CLANG_CXX_LANGUAGE_STANDARD = "gnu++14";
				CLANG_CXX_LIBRARY = "libc++";
				CLANG_ENABLE_MODULES = YES;
				CLANG_ENABLE_OBJC_ARC = YES;
				CLANG_WARN_BLOCK_CAPTURE_AUTORELEASING = YES;
				CLANG_WARN_BOOL_CONVERSION = YES;
				CLANG_WARN_COMMA = YES;
				CLANG_WARN_CONSTANT_CONVERSION = YES;
				CLANG_WARN_DIRECT_OBJC_ISA_USAGE = YES_ERROR;
				CLANG_WARN_DOCUMENTATION_COMMENTS = YES;
				CLANG_WARN_EMPTY_BODY = YES;
				CLANG_WARN_ENUM_CONVERSION = YES;
				CLANG_WARN_INFINITE_RECURSION = YES;
				CLANG_WARN_INT_CONVERSION = YES;
				CLANG_WARN_NON_LITERAL_NULL_CONVERSION = YES;
				CLANG_WARN_OBJC_LITERAL_CONVERSION = YES;
				CLANG_WARN_OBJC_ROOT_CLASS = YES_ERROR;
				CLANG_WARN_RANGE_LOOP_ANALYSIS = YES;
				CLANG_WARN_STRICT_PROTOTYPES = YES;
				CLANG_WARN_SUSPICIOUS_MOVE = YES;
				CLANG_WARN_UNGUARDED_AVAILABILITY = YES_AGGRESSIVE;
				CLANG_WARN_UNREACHABLE_CODE = YES;
				CLANG_WARN__DUPLICATE_METHOD_MATCH = YES;
				CODE_SIGN_IDENTITY = "iPhone Developer";
				COPY_PHASE_STRIP = NO;
				DEBUG_INFORMATION_FORMAT = "dwarf-with-dsym";
				ENABLE_NS_ASSERTIONS = NO;
				ENABLE_STRICT_OBJC_MSGSEND = YES;
				GCC_C_LANGUAGE_STANDARD = gnu11;
				GCC_NO_COMMON_BLOCKS = YES;
				GCC_WARN_64_TO_32_BIT_CONVERSION = YES;
				GCC_WARN_ABOUT_RETURN_TYPE = YES_ERROR;
				GCC_WARN_UNDECLARED_SELECTOR = YES;
				GCC_WARN_UNINITIALIZED_AUTOS = YES_AGGRESSIVE;
				GCC_WARN_UNUSED_FUNCTION = YES;
				GCC_WARN_UNUSED_VARIABLE = YES;
				IPHONEOS_DEPLOYMENT_TARGET = 11.1;
				MTL_ENABLE_DEBUG_INFO = NO;
				SDKROOT = iphoneos;
				SWIFT_OPTIMIZATION_LEVEL = "-Owholemodule";
				VALIDATE_PRODUCT = YES;
			};
			name = Release;
		};
		F6FA3DE11FC6A622002F94A8 /* Debug */ = {
			isa = XCBuildConfiguration;
			buildSettings = {
				ASSETCATALOG_COMPILER_APPICON_NAME = AppIcon;
				CODE_SIGN_STYLE = Automatic;
				INFOPLIST_FILE = CorData/Info.plist;
				LD_RUNPATH_SEARCH_PATHS = "$(inherited) @executable_path/Frameworks";
				PRODUCT_BUNDLE_IDENTIFIER = com.lewisle.CorData;
				PRODUCT_NAME = "$(TARGET_NAME)";
				SWIFT_VERSION = 4.0;
				TARGETED_DEVICE_FAMILY = "1,2";
			};
			name = Debug;
		};
		F6FA3DE21FC6A622002F94A8 /* Release */ = {
			isa = XCBuildConfiguration;
			buildSettings = {
				ASSETCATALOG_COMPILER_APPICON_NAME = AppIcon;
				CODE_SIGN_STYLE = Automatic;
				INFOPLIST_FILE = CorData/Info.plist;
				LD_RUNPATH_SEARCH_PATHS = "$(inherited) @executable_path/Frameworks";
				PRODUCT_BUNDLE_IDENTIFIER = com.lewisle.CorData;
				PRODUCT_NAME = "$(TARGET_NAME)";
				SWIFT_VERSION = 4.0;
				TARGETED_DEVICE_FAMILY = "1,2";
			};
			name = Release;
		};
/* End XCBuildConfiguration section */

/* Begin XCConfigurationList section */
		F6FA3DC91FC6A621002F94A8 /* Build configuration list for PBXProject "CorData" */ = {
			isa = XCConfigurationList;
			buildConfigurations = (
				F6FA3DDE1FC6A622002F94A8 /* Debug */,
				F6FA3DDF1FC6A622002F94A8 /* Release */,
			);
			defaultConfigurationIsVisible = 0;
			defaultConfigurationName = Release;
		};
		F6FA3DE01FC6A622002F94A8 /* Build configuration list for PBXNativeTarget "CorData" */ = {
			isa = XCConfigurationList;
			buildConfigurations = (
				F6FA3DE11FC6A622002F94A8 /* Debug */,
				F6FA3DE21FC6A622002F94A8 /* Release */,
			);
			defaultConfigurationIsVisible = 0;
			defaultConfigurationName = Release;
		};
/* End XCConfigurationList section */

/* Begin XCVersionGroup section */
		F617B3EC1FC6CD4100FECCB2 /* CorDataModels.xcdatamodeld */ = {
			isa = XCVersionGroup;
			children = (
				F617B3ED1FC6CD4100FECCB2 /* CorDataModels.xcdatamodel */,
			);
			currentVersion = F617B3ED1FC6CD4100FECCB2 /* CorDataModels.xcdatamodel */;
			path = CorDataModels.xcdatamodeld;
			sourceTree = "<group>";
			versionGroupType = wrapper.xcdatamodel;
		};
/* End XCVersionGroup section */
	};
	rootObject = F6FA3DC61FC6A621002F94A8 /* Project object */;
}
